
Microsoft Visual Studio Solution File, Format Version 12.00
# Visual Studio Version 16
VisualStudioVersion = 16.0.31729.503
MinimumVisualStudioVersion = 10.0.40219.1
Project("{FAE04EC0-301F-11D3-BF4B-00C04F79EFBC}") = "calculator", "calculator\calculator.csproj", "{46B5E36E-3D08-4414-9C10-2D94AE0A4359}"
EndProject
Global
	GlobalSection(SolutionConfigurationPlatforms) = preSolution
		Debug|Any CPU = Debug|Any CPU
		Release|Any CPU = Release|Any CPU
	EndGlobalSection
	GlobalSection(ProjectConfigurationPlatforms) = postSolution
		{46B5E36E-3D08-4414-9C10-2D94AE0A4359}.Debug|Any CPU.ActiveCfg = Debug|Any CPU
		{46B5E36E-3D08-4414-9C10-2D94AE0A4359}.Debug|Any CPU.Build.0 = Debug|Any CPU
		{46B5E36E-3D08-4414-9C10-2D94AE0A4359}.Release|Any CPU.ActiveCfg = Release|Any CPU
		{46B5E36E-3D08-4414-9C10-2D94AE0A4359}.Release|Any CPU.Build.0 = Release|Any CPU
	EndGlobalSection
	GlobalSection(SolutionProperties) = preSolution
		HideSolutionNode = FALSE
	EndGlobalSection
	GlobalSection(ExtensibilityGlobals) = postSolution
		SolutionGuid = {E5359CCD-70AC-477B-983B-A698D35B338F}
	EndGlobalSection
EndGlobal
